
Microsoft Visual Studio Solution File, Format Version 12.00
# Visual Studio Version 17
VisualStudioVersion = 17.0.31903.59
MinimumVisualStudioVersion = 10.0.40219.1
Project("{2150E333-8FDC-42A3-9474-1A3956D46DE8}") = "src", "src", "{827E0CD3-B72D-47B6-A68D-7590B98EB39B}"
EndProject
Project("{FAE04EC0-301F-11D3-BF4B-00C04F79EFBC}") = "Mabipacade.Core", "src\Mabipacade.Core\Mabipacade.Core.csproj", "{F8E002EF-C17C-4352-9854-A70077337D3E}"
EndProject
Project("{FAE04EC0-301F-11D3-BF4B-00C04F79EFBC}") = "Mabipacade.Decoders", "src\Mabipacade.Decoders\Mabipacade.Decoders.csproj", "{5DB1742B-BD55-466F-96CE-D4E468C69D6D}"
EndProject
Project("{2150E333-8FDC-42A3-9474-1A3956D46DE8}") = "tests", "tests", "{0AB3BF05-4346-4AA6-1389-037BE0695223}"
EndProject
Project("{FAE04EC0-301F-11D3-BF4B-00C04F79EFBC}") = "Mabipacade.Core.Tests", "tests\Mabipacade.Core.Tests\Mabipacade.Core.Tests.csproj", "{7F92F423-8C0D-47A4-9BE5-F45B10900746}"
EndProject
Project("{FAE04EC0-301F-11D3-BF4B-00C04F79EFBC}") = "Mabipacade.Decoders.Tests", "tests\Mabipacade.Decoders.Tests\Mabipacade.Decoders.Tests.csproj", "{9C028B2C-9F71-4939-A368-2A76EFC2333E}"
EndProject
Project("{FAE04EC0-301F-11D3-BF4B-00C04F79EFBC}") = "Mabipacade.Cli", "src\Mabipacade.Cli\Mabipacade.Cli.csproj", "{71DF7CBC-1784-4A31-90F3-2A9769CACDDD}"
EndProject
Project("{FAE04EC0-301F-11D3-BF4B-00C04F79EFBC}") = "Mabipacade.Cli.Tests", "tests\Mabipacade.Cli.Tests\Mabipacade.Cli.Tests.csproj", "{3029C4E0-A353-4D39-8E24-1A04AC174664}"
EndProject
Global
	GlobalSection(SolutionConfigurationPlatforms) = preSolution
		Debug|Any CPU = Debug|Any CPU
		Debug|x64 = Debug|x64
		Debug|x86 = Debug|x86
		Release|Any CPU = Release|Any CPU
		Release|x64 = Release|x64
		Release|x86 = Release|x86
	EndGlobalSection
	GlobalSection(ProjectConfigurationPlatforms) = postSolution
		{F8E002EF-C17C-4352-9854-A70077337D3E}.Debug|Any CPU.ActiveCfg = Debug|Any CPU
		{F8E002EF-C17C-4352-9854-A70077337D3E}.Debug|Any CPU.Build.0 = Debug|Any CPU
		{F8E002EF-C17C-4352-9854-A70077337D3E}.Debug|x64.ActiveCfg = Debug|Any CPU
		{F8E002EF-C17C-4352-9854-A70077337D3E}.Debug|x64.Build.0 = Debug|Any CPU
		{F8E002EF-C17C-4352-9854-A70077337D3E}.Debug|x86.ActiveCfg = Debug|Any CPU
		{F8E002EF-C17C-4352-9854-A70077337D3E}.Debug|x86.Build.0 = Debug|Any CPU
		{F8E002EF-C17C-4352-9854-A70077337D3E}.Release|Any CPU.ActiveCfg = Release|Any CPU
		{F8E002EF-C17C-4352-9854-A70077337D3E}.Release|Any CPU.Build.0 = Release|Any CPU
		{F8E002EF-C17C-4352-9854-A70077337D3E}.Release|x64.ActiveCfg = Release|Any CPU
		{F8E002EF-C17C-4352-9854-A70077337D3E}.Release|x64.Build.0 = Release|Any CPU
		{F8E002EF-C17C-4352-9854-A70077337D3E}.Release|x86.ActiveCfg = Release|Any CPU
		{F8E002EF-C17C-4352-9854-A70077337D3E}.Release|x86.Build.0 = Release|Any CPU
		{5DB1742B-BD55-466F-96CE-D4E468C69D6D}.Debug|Any CPU.ActiveCfg = Debug|Any CPU
		{5DB1742B-BD55-466F-96CE-D4E468C69D6D}.Debug|Any CPU.Build.0 = Debug|Any CPU
		{5DB1742B-BD55-466F-96CE-D4E468C69D6D}.Debug|x64.ActiveCfg = Debug|Any CPU
		{5DB1742B-BD55-466F-96CE-D4E468C69D6D}.Debug|x64.Build.0 = Debug|Any CPU
		{5DB1742B-BD55-466F-96CE-D4E468C69D6D}.Debug|x86.ActiveCfg = Debug|Any CPU
		{5DB1742B-BD55-466F-96CE-D4E468C69D6D}.Debug|x86.Build.0 = Debug|Any CPU
		{5DB1742B-BD55-466F-96CE-D4E468C69D6D}.Release|Any CPU.ActiveCfg = Release|Any CPU
		{5DB1742B-BD55-466F-96CE-D4E468C69D6D}.Release|Any CPU.Build.0 = Release|Any CPU
		{5DB1742B-BD55-466F-96CE-D4E468C69D6D}.Release|x64.ActiveCfg = Release|Any CPU
		{5DB1742B-BD55-466F-96CE-D4E468C69D6D}.Release|x64.Build.0 = Release|Any CPU
		{5DB1742B-BD55-466F-96CE-D4E468C69D6D}.Release|x86.ActiveCfg = Release|Any CPU
		{5DB1742B-BD55-466F-96CE-D4E468C69D6D}.Release|x86.Build.0 = Release|Any CPU
		{7F92F423-8C0D-47A4-9BE5-F45B10900746}.Debug|Any CPU.ActiveCfg = Debug|Any CPU
		{7F92F423-8C0D-47A4-9BE5-F45B10900746}.Debug|Any CPU.Build.0 = Debug|Any CPU
		{7F92F423-8C0D-47A4-9BE5-F45B10900746}.Debug|x64.ActiveCfg = Debug|Any CPU
		{7F92F423-8C0D-47A4-9BE5-F45B10900746}.Debug|x64.Build.0 = Debug|Any CPU
		{7F92F423-8C0D-47A4-9BE5-F45B10900746}.Debug|x86.ActiveCfg = Debug|Any CPU
		{7F92F423-8C0D-47A4-9BE5-F45B10900746}.Debug|x86.Build.0 = Debug|Any CPU
		{7F92F423-8C0D-47A4-9BE5-F45B10900746}.Release|Any CPU.ActiveCfg = Release|Any CPU
		{7F92F423-8C0D-47A4-9BE5-F45B10900746}.Release|Any CPU.Build.0 = Release|Any CPU
		{7F92F423-8C0D-47A4-9BE5-F45B10900746}.Release|x64.ActiveCfg = Release|Any CPU
		{7F92F423-8C0D-47A4-9BE5-F45B10900746}.Release|x64.Build.0 = Release|Any CPU
		{7F92F423-8C0D-47A4-9BE5-F45B10900746}.Release|x86.ActiveCfg = Release|Any CPU
		{7F92F423-8C0D-47A4-9BE5-F45B10900746}.Release|x86.Build.0 = Release|Any CPU
		{9C028B2C-9F71-4939-A368-2A76EFC2333E}.Debug|Any CPU.ActiveCfg = Debug|Any CPU
		{9C028B2C-9F71-4939-A368-2A76EFC2333E}.Debug|Any CPU.Build.0 = Debug|Any CPU
		{9C028B2C-9F71-4939-A368-2A76EFC2333E}.Debug|x64.ActiveCfg = Debug|Any CPU
		{9C028B2C-9F71-4939-A368-2A76EFC2333E}.Debug|x64.Build.0 = Debug|Any CPU
		{9C028B2C-9F71-4939-A368-2A76EFC2333E}.Debug|x86.ActiveCfg = Debug|Any CPU
		{9C028B2C-9F71-4939-A368-2A76EFC2333E}.Debug|x86.Build.0 = Debug|Any CPU
		{9C028B2C-9F71-4939-A368-2A76EFC2333E}.Release|Any CPU.ActiveCfg = Release|Any CPU
		{9C028B2C-9F71-4939-A368-2A76EFC2333E}.Release|Any CPU.Build.0 = Release|Any CPU
		{9C028B2C-9F71-4939-A368-2A76EFC2333E}.Release|x64.ActiveCfg = Release|Any CPU
		{9C028B2C-9F71-4939-A368-2A76EFC2333E}.Release|x64.Build.0 = Release|Any CPU
		{9C028B2C-9F71-4939-A368-2A76EFC2333E}.Release|x86.ActiveCfg = Release|Any CPU
		{9C028B2C-9F71-4939-A368-2A76EFC2333E}.Release|x86.Build.0 = Release|Any CPU
		{71DF7CBC-1784-4A31-90F3-2A9769CACDDD}.Debug|Any CPU.ActiveCfg = Debug|Any CPU
		{71DF7CBC-1784-4A31-90F3-2A9769CACDDD}.Debug|Any CPU.Build.0 = Debug|Any CPU
		{71DF7CBC-1784-4A31-90F3-2A9769CACDDD}.Debug|x64.ActiveCfg = Debug|Any CPU
		{71DF7CBC-1784-4A31-90F3-2A9769CACDDD}.Debug|x64.Build.0 = Debug|Any CPU
		{71DF7CBC-1784-4A31-90F3-2A9769CACDDD}.Debug|x86.ActiveCfg = Debug|Any CPU
		{71DF7CBC-1784-4A31-90F3-2A9769CACDDD}.Debug|x86.Build.0 = Debug|Any CPU
		{71DF7CBC-1784-4A31-90F3-2A9769CACDDD}.Release|Any CPU.ActiveCfg = Release|Any CPU
		{71DF7CBC-1784-4A31-90F3-2A9769CACDDD}.Release|Any CPU.Build.0 = Release|Any CPU
		{71DF7CBC-1784-4A31-90F3-2A9769CACDDD}.Release|x64.ActiveCfg = Release|Any CPU
		{71DF7CBC-1784-4A31-90F3-2A9769CACDDD}.Release|x64.Build.0 = Release|Any CPU
		{71DF7CBC-1784-4A31-90F3-2A9769CACDDD}.Release|x86.ActiveCfg = Release|Any CPU
		{71DF7CBC-1784-4A31-90F3-2A9769CACDDD}.Release|x86.Build.0 = Release|Any CPU
		{3029C4E0-A353-4D39-8E24-1A04AC174664}.Debug|Any CPU.ActiveCfg = Debug|Any CPU
		{3029C4E0-A353-4D39-8E24-1A04AC174664}.Debug|Any CPU.Build.0 = Debug|Any CPU
		{3029C4E0-A353-4D39-8E24-1A04AC174664}.Debug|x64.ActiveCfg = Debug|Any CPU
		{3029C4E0-A353-4D39-8E24-1A04AC174664}.Debug|x64.Build.0 = Debug|Any CPU
		{3029C4E0-A353-4D39-8E24-1A04AC174664}.Debug|x86.ActiveCfg = Debug|Any CPU
		{3029C4E0-A353-4D39-8E24-1A04AC174664}.Debug|x86.Build.0 = Debug|Any CPU
		{3029C4E0-A353-4D39-8E24-1A04AC174664}.Release|Any CPU.ActiveCfg = Release|Any CPU
		{3029C4E0-A353-4D39-8E24-1A04AC174664}.Release|Any CPU.Build.0 = Release|Any CPU
		{3029C4E0-A353-4D39-8E24-1A04AC174664}.Release|x64.ActiveCfg = Release|Any CPU
		{3029C4E0-A353-4D39-8E24-1A04AC174664}.Release|x64.Build.0 = Release|Any CPU
		{3029C4E0-A353-4D39-8E24-1A04AC174664}.Release|x86.ActiveCfg = Release|Any CPU
		{3029C4E0-A353-4D39-8E24-1A04AC174664}.Release|x86.Build.0 = Release|Any CPU
	EndGlobalSection
	GlobalSection(SolutionProperties) = preSolution
		HideSolutionNode = FALSE
	EndGlobalSection
	GlobalSection(NestedProjects) = preSolution
		{F8E002EF-C17C-4352-9854-A70077337D3E} = {827E0CD3-B72D-47B6-A68D-7590B98EB39B}
		{5DB1742B-BD55-466F-96CE-D4E468C69D6D} = {827E0CD3-B72D-47B6-A68D-7590B98EB39B}
		{7F92F423-8C0D-47A4-9BE5-F45B10900746} = {0AB3BF05-4346-4AA6-1389-037BE0695223}
		{9C028B2C-9F71-4939-A368-2A76EFC2333E} = {0AB3BF05-4346-4AA6-1389-037BE0695223}
		{71DF7CBC-1784-4A31-90F3-2A9769CACDDD} = {827E0CD3-B72D-47B6-A68D-7590B98EB39B}
		{3029C4E0-A353-4D39-8E24-1A04AC174664} = {0AB3BF05-4346-4AA6-1389-037BE0695223}
	EndGlobalSection
EndGlobal
